Microsoft Visual Studio Solution File, Format Version 12.00
# Visual Studio Version 17
VisualStudioVersion = 17.5.2.0
MinimumVisualStudioVersion = 10.0.40219.1
Project("{2150E333-8FDC-42A3-9474-1A3956D46DE8}") = "tests", "tests", "{0AB3BF05-4346-4AA6-1389-037BE0695223}"
EndProject
Project("{FAE04EC0-301F-11D3-BF4B-00C04F79EFBC}") = "RandomChonker.Tests", "tests\RandomChonker.Tests\RandomChonker.Tests.csproj", "{C807A65D-6FDC-7C4E-DA95-6D05E575C9A5}"
EndProject
Global
	GlobalSection(SolutionConfigurationPlatforms) = preSolution
		Debug|Any CPU = Debug|Any CPU
		Release|Any CPU = Release|Any CPU
	EndGlobalSection
	GlobalSection(ProjectConfigurationPlatforms) = postSolution
		{C807A65D-6FDC-7C4E-DA95-6D05E575C9A5}.Debug|Any CPU.ActiveCfg = Debug|Any CPU
		{C807A65D-6FDC-7C4E-DA95-6D05E575C9A5}.Debug|Any CPU.Build.0 = Debug|Any CPU
		{C807A65D-6FDC-7C4E-DA95-6D05E575C9A5}.Release|Any CPU.ActiveCfg = Release|Any CPU
		{C807A65D-6FDC-7C4E-DA95-6D05E575C9A5}.Release|Any CPU.Build.0 = Release|Any CPU
	EndGlobalSection
	GlobalSection(SolutionProperties) = preSolution
		HideSolutionNode = FALSE
	EndGlobalSection
	GlobalSection(NestedProjects) = preSolution
		{C807A65D-6FDC-7C4E-DA95-6D05E575C9A5} = {0AB3BF05-4346-4AA6-1389-037BE0695223}
	EndGlobalSection
	GlobalSection(ExtensibilityGlobals) = postSolution
		SolutionGuid = {B22A127B-7A94-4EAA-AF12-CDDF9877B95B}
	EndGlobalSection
EndGlobal
